
Microsoft Visual Studio Solution File, Format Version 12.00
# Visual Studio Version 17
VisualStudioVersion = 17.4.33122.133
MinimumVisualStudioVersion = 10.0.40219.1
Project("{FAE04EC0-301F-11D3-BF4B-00C04F79EFBC}") = "космос", "космос\космос.csproj", "{2A661539-41FD-4385-97E0-BDD4FC6F00E9}"
EndProject
Global
	GlobalSection(SolutionConfigurationPlatforms) = preSolution
		Debug|Any CPU = Debug|Any CPU
		Release|Any CPU = Release|Any CPU
	EndGlobalSection
	GlobalSection(ProjectConfigurationPlatforms) = postSolution
		{2A661539-41FD-4385-97E0-BDD4FC6F00E9}.Debug|Any CPU.ActiveCfg = Debug|Any CPU
		{2A661539-41FD-4385-97E0-BDD4FC6F00E9}.Debug|Any CPU.Build.0 = Debug|Any CPU
		{2A661539-41FD-4385-97E0-BDD4FC6F00E9}.Release|Any CPU.ActiveCfg = Release|Any CPU
		{2A661539-41FD-4385-97E0-BDD4FC6F00E9}.Release|Any CPU.Build.0 = Release|Any CPU
	EndGlobalSection
	GlobalSection(SolutionProperties) = preSolution
		HideSolutionNode = FALSE
	EndGlobalSection
	GlobalSection(ExtensibilityGlobals) = postSolution
		SolutionGuid = {EC2419EA-3C2B-4010-A92B-7B362A1019A7}
	EndGlobalSection
EndGlobal
